
Microsoft Visual Studio Solution File, Format Version 12.00
# Visual Studio 15
VisualStudioVersion = 15.0.27428.2037
MinimumVisualStudioVersion = 10.0.40219.1
Project("{FAE04EC0-301F-11D3-BF4B-00C04F79EFBC}") = "PatientsPortal", "PatientsPortal\PatientsPortal.csproj", "{F0901C62-52EA-43FE-B00C-D72C0B5331BB}"
EndProject
Project("{FAE04EC0-301F-11D3-BF4B-00C04F79EFBC}") = "PatientsPortalModel", "PatientsPortalModel\PatientsPortalModel.csproj", "{56048CE9-90B3-4AAB-94F6-A3C604B20EBE}"
EndProject
Project("{FAE04EC0-301F-11D3-BF4B-00C04F79EFBC}") = "AddVisitsJob", "AddVisitsJob\AddVisitsJob.csproj", "{19A9FBAA-923F-4293-99CE-D651B43FF18A}"
EndProject
Global
	GlobalSection(SolutionConfigurationPlatforms) = preSolution
		Debug|Any CPU = Debug|Any CPU
		Release|Any CPU = Release|Any CPU
	EndGlobalSection
	GlobalSection(ProjectConfigurationPlatforms) = postSolution
		{F0901C62-52EA-43FE-B00C-D72C0B5331BB}.Debug|Any CPU.ActiveCfg = Debug|Any CPU
		{F0901C62-52EA-43FE-B00C-D72C0B5331BB}.Debug|Any CPU.Build.0 = Debug|Any CPU
		{F0901C62-52EA-43FE-B00C-D72C0B5331BB}.Release|Any CPU.ActiveCfg = Release|Any CPU
		{F0901C62-52EA-43FE-B00C-D72C0B5331BB}.Release|Any CPU.Build.0 = Release|Any CPU
		{56048CE9-90B3-4AAB-94F6-A3C604B20EBE}.Debug|Any CPU.ActiveCfg = Debug|Any CPU
		{56048CE9-90B3-4AAB-94F6-A3C604B20EBE}.Debug|Any CPU.Build.0 = Debug|Any CPU
		{56048CE9-90B3-4AAB-94F6-A3C604B20EBE}.Release|Any CPU.ActiveCfg = Release|Any CPU
		{56048CE9-90B3-4AAB-94F6-A3C604B20EBE}.Release|Any CPU.Build.0 = Release|Any CPU
		{19A9FBAA-923F-4293-99CE-D651B43FF18A}.Debug|Any CPU.ActiveCfg = Debug|Any CPU
		{19A9FBAA-923F-4293-99CE-D651B43FF18A}.Debug|Any CPU.Build.0 = Debug|Any CPU
		{19A9FBAA-923F-4293-99CE-D651B43FF18A}.Release|Any CPU.ActiveCfg = Release|Any CPU
		{19A9FBAA-923F-4293-99CE-D651B43FF18A}.Release|Any CPU.Build.0 = Release|Any CPU
	EndGlobalSection
	GlobalSection(SolutionProperties) = preSolution
		HideSolutionNode = FALSE
	EndGlobalSection
	GlobalSection(ExtensibilityGlobals) = postSolution
		SolutionGuid = {397322F3-5B32-4F90-A300-A0340A5B9F40}
	EndGlobalSection
EndGlobal
